
Microsoft Visual Studio Solution File, Format Version 12.00
# Visual Studio 14
VisualStudioVersion = 14.0.25420.1
MinimumVisualStudioVersion = 10.0.40219.1
Project("{FAE04EC0-301F-11D3-BF4B-00C04F79EFBC}") = "ApiAiSDK", "ApiAiSDK\ApiAiSDK.csproj", "{162D1664-491D-41A3-B4E7-332EAAF87CCA}"
EndProject
Project("{FAE04EC0-301F-11D3-BF4B-00C04F79EFBC}") = "ApiAiSDK.WP8", "ApiAiSDK.WP8\ApiAiSDK.WP8.csproj", "{4F4F6FE7-5B51-42E8-977D-FDE4B05D7D97}"
EndProject
Project("{FAE04EC0-301F-11D3-BF4B-00C04F79EFBC}") = "ApiAiSDK.W10", "ApiAiSDK.W10\ApiAiSDK.W10.csproj", "{69AF92F4-2AD9-4576-98F3-A4335485D3D3}"
EndProject
Project("{2150E333-8FDC-42A3-9474-1A3956D46DE8}") = "Solution Items", "Solution Items", "{5E68B669-A5E3-4242-8046-AEC44704EA3C}"
	ProjectSection(SolutionItems) = preProject
		ApiAiSDK.nuspec = ApiAiSDK.nuspec
		README.md = README.md
	EndProjectSection
EndProject
Project("{FAE04EC0-301F-11D3-BF4B-00C04F79EFBC}") = "ApiAiSDK.Tests", "ApiAiSDK.Tests\ApiAiSDK.Tests.csproj", "{4260780A-F629-40EF-9BC8-A523B129E10C}"
EndProject
Project("{FAE04EC0-301F-11D3-BF4B-00C04F79EFBC}") = "ApiAiSDK.W10.Tests", "ApiAiSDK.W10.Tests\ApiAiSDK.W10.Tests.csproj", "{1842B8AD-3636-4A60-9FDF-8F79024ABC21}"
EndProject
Project("{8BB2217D-0F2D-49D1-97BC-3654ED321F3B}") = "ApiAiSDK.NETCore", "ApiAiSDK.NETCore\ApiAiSDK.NETCore.xproj", "{528B6B77-1244-43D1-AD7A-A43C5913391B}"
EndProject
Global
	GlobalSection(SolutionConfigurationPlatforms) = preSolution
		Debug|Any CPU = Debug|Any CPU
		Debug|ARM = Debug|ARM
		Debug|x64 = Debug|x64
		Debug|x86 = Debug|x86
		Release|Any CPU = Release|Any CPU
		Release|ARM = Release|ARM
		Release|x64 = Release|x64
		Release|x86 = Release|x86
	EndGlobalSection
	GlobalSection(ProjectConfigurationPlatforms) = postSolution
		{162D1664-491D-41A3-B4E7-332EAAF87CCA}.Debug|Any CPU.ActiveCfg = Debug|Any CPU
		{162D1664-491D-41A3-B4E7-332EAAF87CCA}.Debug|Any CPU.Build.0 = Debug|Any CPU
		{162D1664-491D-41A3-B4E7-332EAAF87CCA}.Debug|ARM.ActiveCfg = Debug|Any CPU
		{162D1664-491D-41A3-B4E7-332EAAF87CCA}.Debug|ARM.Build.0 = Debug|Any CPU
		{162D1664-491D-41A3-B4E7-332EAAF87CCA}.Debug|x64.ActiveCfg = Debug|Any CPU
		{162D1664-491D-41A3-B4E7-332EAAF87CCA}.Debug|x64.Build.0 = Debug|Any CPU
		{162D1664-491D-41A3-B4E7-332EAAF87CCA}.Debug|x86.ActiveCfg = Debug|Any CPU
		{162D1664-491D-41A3-B4E7-332EAAF87CCA}.Debug|x86.Build.0 = Debug|Any CPU
		{162D1664-491D-41A3-B4E7-332EAAF87CCA}.Release|Any CPU.ActiveCfg = Release|Any CPU
		{162D1664-491D-41A3-B4E7-332EAAF87CCA}.Release|Any CPU.Build.0 = Release|Any CPU
		{162D1664-491D-41A3-B4E7-332EAAF87CCA}.Release|ARM.ActiveCfg = Release|Any CPU
		{162D1664-491D-41A3-B4E7-332EAAF87CCA}.Release|ARM.Build.0 = Release|Any CPU
		{162D1664-491D-41A3-B4E7-332EAAF87CCA}.Release|x64.ActiveCfg = Release|Any CPU
		{162D1664-491D-41A3-B4E7-332EAAF87CCA}.Release|x64.Build.0 = Release|Any CPU
		{162D1664-491D-41A3-B4E7-332EAAF87CCA}.Release|x86.ActiveCfg = Release|Any CPU
		{162D1664-491D-41A3-B4E7-332EAAF87CCA}.Release|x86.Build.0 = Release|Any CPU
		{4F4F6FE7-5B51-42E8-977D-FDE4B05D7D97}.Debug|Any CPU.ActiveCfg = Debug|Any CPU
		{4F4F6FE7-5B51-42E8-977D-FDE4B05D7D97}.Debug|Any CPU.Build.0 = Debug|Any CPU
		{4F4F6FE7-5B51-42E8-977D-FDE4B05D7D97}.Debug|ARM.ActiveCfg = Debug|ARM
		{4F4F6FE7-5B51-42E8-977D-FDE4B05D7D97}.Debug|ARM.Build.0 = Debug|ARM
		{4F4F6FE7-5B51-42E8-977D-FDE4B05D7D97}.Debug|x64.ActiveCfg = Debug|Any CPU
		{4F4F6FE7-5B51-42E8-977D-FDE4B05D7D97}.Debug|x64.Build.0 = Debug|Any CPU
		{4F4F6FE7-5B51-42E8-977D-FDE4B05D7D97}.Debug|x86.ActiveCfg = Debug|x86
		{4F4F6FE7-5B51-42E8-977D-FDE4B05D7D97}.Debug|x86.Build.0 = Debug|x86
		{4F4F6FE7-5B51-42E8-977D-FDE4B05D7D97}.Release|Any CPU.ActiveCfg = Release|Any CPU
		{4F4F6FE7-5B51-42E8-977D-FDE4B05D7D97}.Release|Any CPU.Build.0 = Release|Any CPU
		{4F4F6FE7-5B51-42E8-977D-FDE4B05D7D97}.Release|ARM.ActiveCfg = Release|ARM
		{4F4F6FE7-5B51-42E8-977D-FDE4B05D7D97}.Release|ARM.Build.0 = Release|ARM
		{4F4F6FE7-5B51-42E8-977D-FDE4B05D7D97}.Release|x64.ActiveCfg = Release|Any CPU
		{4F4F6FE7-5B51-42E8-977D-FDE4B05D7D97}.Release|x64.Build.0 = Release|Any CPU
		{4F4F6FE7-5B51-42E8-977D-FDE4B05D7D97}.Release|x86.ActiveCfg = Release|x86
		{4F4F6FE7-5B51-42E8-977D-FDE4B05D7D97}.Release|x86.Build.0 = Release|x86
		{69AF92F4-2AD9-4576-98F3-A4335485D3D3}.Debug|Any CPU.ActiveCfg = Debug|Any CPU
		{69AF92F4-2AD9-4576-98F3-A4335485D3D3}.Debug|Any CPU.Build.0 = Debug|Any CPU
		{69AF92F4-2AD9-4576-98F3-A4335485D3D3}.Debug|ARM.ActiveCfg = Debug|ARM
		{69AF92F4-2AD9-4576-98F3-A4335485D3D3}.Debug|ARM.Build.0 = Debug|ARM
		{69AF92F4-2AD9-4576-98F3-A4335485D3D3}.Debug|x64.ActiveCfg = Debug|x64
		{69AF92F4-2AD9-4576-98F3-A4335485D3D3}.Debug|x64.Build.0 = Debug|x64
		{69AF92F4-2AD9-4576-98F3-A4335485D3D3}.Debug|x86.ActiveCfg = Debug|x86
		{69AF92F4-2AD9-4576-98F3-A4335485D3D3}.Debug|x86.Build.0 = Debug|x86
		{69AF92F4-2AD9-4576-98F3-A4335485D3D3}.Release|Any CPU.ActiveCfg = Release|Any CPU
		{69AF92F4-2AD9-4576-98F3-A4335485D3D3}.Release|Any CPU.Build.0 = Release|Any CPU
		{69AF92F4-2AD9-4576-98F3-A4335485D3D3}.Release|ARM.ActiveCfg = Release|ARM
		{69AF92F4-2AD9-4576-98F3-A4335485D3D3}.Release|ARM.Build.0 = Release|ARM
		{69AF92F4-2AD9-4576-98F3-A4335485D3D3}.Release|x64.ActiveCfg = Release|x64
		{69AF92F4-2AD9-4576-98F3-A4335485D3D3}.Release|x64.Build.0 = Release|x64
		{69AF92F4-2AD9-4576-98F3-A4335485D3D3}.Release|x86.ActiveCfg = Release|x86
		{69AF92F4-2AD9-4576-98F3-A4335485D3D3}.Release|x86.Build.0 = Release|x86
		{4260780A-F629-40EF-9BC8-A523B129E10C}.Debug|Any CPU.ActiveCfg = Debug|Any CPU
		{4260780A-F629-40EF-9BC8-A523B129E10C}.Debug|Any CPU.Build.0 = Debug|Any CPU
		{4260780A-F629-40EF-9BC8-A523B129E10C}.Debug|ARM.ActiveCfg = Debug|Any CPU
		{4260780A-F629-40EF-9BC8-A523B129E10C}.Debug|ARM.Build.0 = Debug|Any CPU
		{4260780A-F629-40EF-9BC8-A523B129E10C}.Debug|x64.ActiveCfg = Debug|Any CPU
		{4260780A-F629-40EF-9BC8-A523B129E10C}.Debug|x64.Build.0 = Debug|Any CPU
		{4260780A-F629-40EF-9BC8-A523B129E10C}.Debug|x86.ActiveCfg = Debug|Any CPU
		{4260780A-F629-40EF-9BC8-A523B129E10C}.Debug|x86.Build.0 = Debug|Any CPU
		{4260780A-F629-40EF-9BC8-A523B129E10C}.Release|Any CPU.ActiveCfg = Release|Any CPU
		{4260780A-F629-40EF-9BC8-A523B129E10C}.Release|ARM.ActiveCfg = Release|Any CPU
		{4260780A-F629-40EF-9BC8-A523B129E10C}.Release|ARM.Build.0 = Release|Any CPU
		{4260780A-F629-40EF-9BC8-A523B129E10C}.Release|x64.ActiveCfg = Release|Any CPU
		{4260780A-F629-40EF-9BC8-A523B129E10C}.Release|x64.Build.0 = Release|Any CPU
		{4260780A-F629-40EF-9BC8-A523B129E10C}.Release|x86.ActiveCfg = Release|Any CPU
		{4260780A-F629-40EF-9BC8-A523B129E10C}.Release|x86.Build.0 = Release|Any CPU
		{1842B8AD-3636-4A60-9FDF-8F79024ABC21}.Debug|Any CPU.ActiveCfg = Debug|x86
		{1842B8AD-3636-4A60-9FDF-8F79024ABC21}.Debug|Any CPU.Build.0 = Debug|x86
		{1842B8AD-3636-4A60-9FDF-8F79024ABC21}.Debug|ARM.ActiveCfg = Debug|ARM
		{1842B8AD-3636-4A60-9FDF-8F79024ABC21}.Debug|ARM.Build.0 = Debug|ARM
		{1842B8AD-3636-4A60-9FDF-8F79024ABC21}.Debug|ARM.Deploy.0 = Debug|ARM
		{1842B8AD-3636-4A60-9FDF-8F79024ABC21}.Debug|x64.ActiveCfg = Debug|x64
		{1842B8AD-3636-4A60-9FDF-8F79024ABC21}.Debug|x64.Build.0 = Debug|x64
		{1842B8AD-3636-4A60-9FDF-8F79024ABC21}.Debug|x64.Deploy.0 = Debug|x64
		{1842B8AD-3636-4A60-9FDF-8F79024ABC21}.Debug|x86.ActiveCfg = Debug|x86
		{1842B8AD-3636-4A60-9FDF-8F79024ABC21}.Debug|x86.Build.0 = Debug|x86
		{1842B8AD-3636-4A60-9FDF-8F79024ABC21}.Debug|x86.Deploy.0 = Debug|x86
		{1842B8AD-3636-4A60-9FDF-8F79024ABC21}.Release|Any CPU.ActiveCfg = Release|x86
		{1842B8AD-3636-4A60-9FDF-8F79024ABC21}.Release|ARM.ActiveCfg = Release|ARM
		{1842B8AD-3636-4A60-9FDF-8F79024ABC21}.Release|ARM.Build.0 = Release|ARM
		{1842B8AD-3636-4A60-9FDF-8F79024ABC21}.Release|ARM.Deploy.0 = Release|ARM
		{1842B8AD-3636-4A60-9FDF-8F79024ABC21}.Release|x64.ActiveCfg = Release|x64
		{1842B8AD-3636-4A60-9FDF-8F79024ABC21}.Release|x64.Build.0 = Release|x64
		{1842B8AD-3636-4A60-9FDF-8F79024ABC21}.Release|x64.Deploy.0 = Release|x64
		{1842B8AD-3636-4A60-9FDF-8F79024ABC21}.Release|x86.ActiveCfg = Release|x86
		{1842B8AD-3636-4A60-9FDF-8F79024ABC21}.Release|x86.Build.0 = Release|x86
		{1842B8AD-3636-4A60-9FDF-8F79024ABC21}.Release|x86.Deploy.0 = Release|x86
		{528B6B77-1244-43D1-AD7A-A43C5913391B}.Debug|Any CPU.ActiveCfg = Debug|Any CPU
		{528B6B77-1244-43D1-AD7A-A43C5913391B}.Debug|Any CPU.Build.0 = Debug|Any CPU
		{528B6B77-1244-43D1-AD7A-A43C5913391B}.Debug|ARM.ActiveCfg = Debug|Any CPU
		{528B6B77-1244-43D1-AD7A-A43C5913391B}.Debug|ARM.Build.0 = Debug|Any CPU
		{528B6B77-1244-43D1-AD7A-A43C5913391B}.Debug|x64.ActiveCfg = Debug|Any CPU
		{528B6B77-1244-43D1-AD7A-A43C5913391B}.Debug|x64.Build.0 = Debug|Any CPU
		{528B6B77-1244-43D1-AD7A-A43C5913391B}.Debug|x86.ActiveCfg = Debug|Any CPU
		{528B6B77-1244-43D1-AD7A-A43C5913391B}.Debug|x86.Build.0 = Debug|Any CPU
		{528B6B77-1244-43D1-AD7A-A43C5913391B}.Release|Any CPU.ActiveCfg = Release|Any CPU
		{528B6B77-1244-43D1-AD7A-A43C5913391B}.Release|Any CPU.Build.0 = Release|Any CPU
		{528B6B77-1244-43D1-AD7A-A43C5913391B}.Release|ARM.ActiveCfg = Release|Any CPU
		{528B6B77-1244-43D1-AD7A-A43C5913391B}.Release|ARM.Build.0 = Release|Any CPU
		{528B6B77-1244-43D1-AD7A-A43C5913391B}.Release|x64.ActiveCfg = Release|Any CPU
		{528B6B77-1244-43D1-AD7A-A43C5913391B}.Release|x64.Build.0 = Release|Any CPU
		{528B6B77-1244-43D1-AD7A-A43C5913391B}.Release|x86.ActiveCfg = Release|Any CPU
		{528B6B77-1244-43D1-AD7A-A43C5913391B}.Release|x86.Build.0 = Release|Any CPU
	EndGlobalSection
	GlobalSection(SolutionProperties) = preSolution
		HideSolutionNode = FALSE
	EndGlobalSection
EndGlobal
